{
  "name": "extension-playground",
  "version": "1.0.0",
  "lockfileVersion": 3,
  "requires": true,
  "packages": {
    "": {
      "name": "extension-playground",
      "version": "1.0.0",
      "license": "ISC",
      "dependencies": {
        "bun": "^1.0.7",
        "monaco-editor": "^0.44.0"
      },
      "devDependencies": {
        "bun-types": "latest"
      },
      "peerDependencies": {
        "typescript": "^5.0.0"
      }
    },
    "node_modules/@oven/bun-darwin-aarch64": {
      "version": "1.0.7",
      "resolved": "https://registry.npmjs.org/@oven/bun-darwin-aarch64/-/bun-darwin-aarch64-1.0.7.tgz",
      "integrity": "sha512-PyQymaGOl4HFVu0WqMGCVp4hRNTs4oiqEhS+l4WQJdxXNc7GeCh/rMq9MaTquRXbXsdAUWPQ1o0Lw+VKMQ5iTg==",
      "cpu": [
        "arm64"
      ],
      "optional": true,
      "os": [
        "darwin"
      ]
    },
    "node_modules/@oven/bun-darwin-x64": {
      "version": "1.0.7",
      "resolved": "https://registry.npmjs.org/@oven/bun-darwin-x64/-/bun-darwin-x64-1.0.7.tgz",
      "integrity": "sha512-Z3IhLjUkxCYf7tXWu+YTva5yycAgC6KipAQBESFZY+PzhQubU9WacskdFwTC1daZ3dF0xVxRjLeMYOIrC8/ADg==",
      "cpu": [
        "x64"
      ],
      "optional": true,
      "os": [
        "darwin"
      ]
    },
    "node_modules/@oven/bun-darwin-x64-baseline": {
      "version": "1.0.7",
      "resolved": "https://registry.npmjs.org/@oven/bun-darwin-x64-baseline/-/bun-darwin-x64-baseline-1.0.7.tgz",
      "integrity": "sha512-+8Xe9XycaZR7qYe4w2kZBckijms43LqfgbdpPZBr91wjO8QVzFBhFF8vYnud5C8WHrKTDjEWWnk2mhGym+xWRA==",
      "cpu": [
        "x64"
      ],
      "optional": true,
      "os": [
        "darwin"
      ]
    },
    "node_modules/@oven/bun-linux-aarch64": {
      "version": "1.0.7",
      "resolved": "https://registry.npmjs.org/@oven/bun-linux-aarch64/-/bun-linux-aarch64-1.0.7.tgz",
      "integrity": "sha512-blnL4jP3dAr+eEt/jA5EW4DiY20k7x/IYKSc6EBrYt7P0olXbMiQQfQUcVoqRMV42wioP/dKdkGBw6wNJXpgfA==",
      "cpu": [
        "arm64"
      ],
      "optional": true,
      "os": [
        "linux"
      ]
    },
    "node_modules/@oven/bun-linux-x64": {
      "version": "1.0.7",
      "resolved": "https://registry.npmjs.org/@oven/bun-linux-x64/-/bun-linux-x64-1.0.7.tgz",
      "integrity": "sha512-fYlJgm10g4WLPV55cH1cVhrE2Z1Uu7nYKBXX7jur9YGn9suNw+xeLp36I716pX9EIkYBVKXyfJ38q2BT+RbEug==",
      "cpu": [
        "x64"
      ],
      "optional": true,
      "os": [
        "linux"
      ]
    },
    "node_modules/@oven/bun-linux-x64-baseline": {
      "version": "1.0.7",
      "resolved": "https://registry.npmjs.org/@oven/bun-linux-x64-baseline/-/bun-linux-x64-baseline-1.0.7.tgz",
      "integrity": "sha512-URNn0plTU7VJ4uRXuHfVFln7n90vmG8VU68TboLd1CSe+nukkhNid7fZl1yDfXU7Y4l4iKn7meqGxRDXyrjeXw==",
      "cpu": [
        "x64"
      ],
      "optional": true,
      "os": [
        "linux"
      ]
    },
    "node_modules/bun": {
      "version": "1.0.7",
      "resolved": "https://registry.npmjs.org/bun/-/bun-1.0.7.tgz",
      "integrity": "sha512-eeIbTup0ndMLJi2LVEdjnMqV2joeuQ9byiIMEa3DROJtP0+vI6YYob7jYYk3xMEK51fDOs9tPg/CPPraIJ7M1A==",
      "cpu": [
        "arm64",
        "x64"
      ],
      "hasInstallScript": true,
      "os": [
        "darwin",
        "linux"
      ],
      "bin": {
        "bun": "bin/bun",
        "bunx": "bin/bun"
      },
      "optionalDependencies": {
        "@oven/bun-darwin-aarch64": "1.0.7",
        "@oven/bun-darwin-x64": "1.0.7",
        "@oven/bun-darwin-x64-baseline": "1.0.7",
        "@oven/bun-linux-aarch64": "1.0.7",
        "@oven/bun-linux-x64": "1.0.7",
        "@oven/bun-linux-x64-baseline": "1.0.7"
      }
    },
    "node_modules/bun-types": {
      "version": "1.0.7",
      "resolved": "https://registry.npmjs.org/bun-types/-/bun-types-1.0.7.tgz",
      "integrity": "sha512-zlIp+SCutbbugs6xDy+3WC3KO3zKySpF/bRfiTk/VJUdKt+WHAzlCtLplS7XglRYDFzhRhlzXMW/R5BHkw+u2Q==",
      "dev": true
    },
    "node_modules/monaco-editor": {
      "version": "0.44.0",
      "resolved": "https://registry.npmjs.org/monaco-editor/-/monaco-editor-0.44.0.tgz",
      "integrity": "sha512-5SmjNStN6bSuSE5WPT2ZV+iYn1/yI9sd4Igtk23ChvqB7kDk9lZbB9F5frsuvpB+2njdIeGGFf2G4gbE6rCC9Q=="
    },
    "node_modules/typescript": {
      "version": "5.2.2",
      "resolved": "https://registry.npmjs.org/typescript/-/typescript-5.2.2.tgz",
      "integrity": "sha512-mI4WrpHsbCIcwT9cF4FZvr80QUeKvsUsUvKDoR+X/7XHQH98xYD8YHZg7ANtz2GtZt/CBq2QJ0thkGJMHfqc1w==",
      "peer": true,
      "bin": {
        "tsc": "bin/tsc",
        "tsserver": "bin/tsserver"
      },
      "engines": {
        "node": ">=14.17"
      }
    }
  }
}
